
Microsoft Visual Studio Solution File, Format Version 12.00
# Visual Studio Version 16
VisualStudioVersion = 16.0.31112.23
MinimumVisualStudioVersion = 10.0.40219.1
Project("{9A19103F-16F7-4668-BE54-9A1E7A4F7556}") = "MetricsManagerTests", "MetricsManagerTests\MetricsManagerTests.csproj", "{FF0DFC4B-2CB9-4972-8E57-AE876F463060}"
EndProject
Project("{9A19103F-16F7-4668-BE54-9A1E7A4F7556}") = "MetricsAgent", "MetricsAgent\MetricsAgent.csproj", "{D7342ACA-DA4E-4C29-83A7-44FB07067F9E}"
EndProject
Project("{9A19103F-16F7-4668-BE54-9A1E7A4F7556}") = "MetricsManager", "MetricsManager\MetricsManager.csproj", "{75982B8C-E7C0-4D8A-9F3C-343ED0C35582}"
EndProject
Project("{9A19103F-16F7-4668-BE54-9A1E7A4F7556}") = "MetricsAgentTests", "MetricsAgentTests\MetricsAgentTests.csproj", "{4DF1FB85-F3B7-40A1-880E-13A3039F87E5}"
EndProject
Project("{9A19103F-16F7-4668-BE54-9A1E7A4F7556}") = "Core", "Core\Core.csproj", "{C4D2BB98-5C44-4E1E-B72B-29454E26463B}"
EndProject
Project("{FAE04EC0-301F-11D3-BF4B-00C04F79EFBC}") = "MetricsManagerClient", "MetricsManagerClient\MetricsManagerClient.csproj", "{07DD6DBA-B0F7-4DD9-BE83-DDD9BD4D6CDC}"
EndProject
Global
	GlobalSection(SolutionConfigurationPlatforms) = preSolution
		Debug|Any CPU = Debug|Any CPU
		Release|Any CPU = Release|Any CPU
	EndGlobalSection
	GlobalSection(ProjectConfigurationPlatforms) = postSolution
		{FF0DFC4B-2CB9-4972-8E57-AE876F463060}.Debug|Any CPU.ActiveCfg = Debug|Any CPU
		{FF0DFC4B-2CB9-4972-8E57-AE876F463060}.Debug|Any CPU.Build.0 = Debug|Any CPU
		{FF0DFC4B-2CB9-4972-8E57-AE876F463060}.Release|Any CPU.ActiveCfg = Release|Any CPU
		{FF0DFC4B-2CB9-4972-8E57-AE876F463060}.Release|Any CPU.Build.0 = Release|Any CPU
		{D7342ACA-DA4E-4C29-83A7-44FB07067F9E}.Debug|Any CPU.ActiveCfg = Debug|Any CPU
		{D7342ACA-DA4E-4C29-83A7-44FB07067F9E}.Debug|Any CPU.Build.0 = Debug|Any CPU
		{D7342ACA-DA4E-4C29-83A7-44FB07067F9E}.Release|Any CPU.ActiveCfg = Release|Any CPU
		{D7342ACA-DA4E-4C29-83A7-44FB07067F9E}.Release|Any CPU.Build.0 = Release|Any CPU
		{75982B8C-E7C0-4D8A-9F3C-343ED0C35582}.Debug|Any CPU.ActiveCfg = Debug|Any CPU
		{75982B8C-E7C0-4D8A-9F3C-343ED0C35582}.Debug|Any CPU.Build.0 = Debug|Any CPU
		{75982B8C-E7C0-4D8A-9F3C-343ED0C35582}.Release|Any CPU.ActiveCfg = Release|Any CPU
		{75982B8C-E7C0-4D8A-9F3C-343ED0C35582}.Release|Any CPU.Build.0 = Release|Any CPU
		{4DF1FB85-F3B7-40A1-880E-13A3039F87E5}.Debug|Any CPU.ActiveCfg = Debug|Any CPU
		{4DF1FB85-F3B7-40A1-880E-13A3039F87E5}.Debug|Any CPU.Build.0 = Debug|Any CPU
		{4DF1FB85-F3B7-40A1-880E-13A3039F87E5}.Release|Any CPU.ActiveCfg = Release|Any CPU
		{4DF1FB85-F3B7-40A1-880E-13A3039F87E5}.Release|Any CPU.Build.0 = Release|Any CPU
		{C4D2BB98-5C44-4E1E-B72B-29454E26463B}.Debug|Any CPU.ActiveCfg = Debug|Any CPU
		{C4D2BB98-5C44-4E1E-B72B-29454E26463B}.Debug|Any CPU.Build.0 = Debug|Any CPU
		{C4D2BB98-5C44-4E1E-B72B-29454E26463B}.Release|Any CPU.ActiveCfg = Release|Any CPU
		{C4D2BB98-5C44-4E1E-B72B-29454E26463B}.Release|Any CPU.Build.0 = Release|Any CPU
		{07DD6DBA-B0F7-4DD9-BE83-DDD9BD4D6CDC}.Debug|Any CPU.ActiveCfg = Debug|Any CPU
		{07DD6DBA-B0F7-4DD9-BE83-DDD9BD4D6CDC}.Debug|Any CPU.Build.0 = Debug|Any CPU
		{07DD6DBA-B0F7-4DD9-BE83-DDD9BD4D6CDC}.Release|Any CPU.ActiveCfg = Release|Any CPU
		{07DD6DBA-B0F7-4DD9-BE83-DDD9BD4D6CDC}.Release|Any CPU.Build.0 = Release|Any CPU
	EndGlobalSection
	GlobalSection(SolutionProperties) = preSolution
		HideSolutionNode = FALSE
	EndGlobalSection
	GlobalSection(ExtensibilityGlobals) = postSolution
		SolutionGuid = {385E9FDC-7548-49C4-921C-47D99B198692}
	EndGlobalSection
EndGlobal
